
Microsoft Visual Studio Solution File, Format Version 12.00
# Visual Studio 15
Project("{FAE04EC0-301F-11D3-BF4B-00C04F79EFBC}") = "Assembly-CSharp", "Assembly-CSharp.csproj", "{1C028E18-AFB0-0F0C-1021-2BB9C3656AAF}"
EndProject
Project("{FAE04EC0-301F-11D3-BF4B-00C04F79EFBC}") = "Assembly-CSharp-Editor", "Assembly-CSharp-Editor.csproj", "{7F6BA64D-CC0A-8412-5918-F4F1082A7DEF}"
EndProject
Global
	GlobalSection(SolutionConfigurationPlatforms) = preSolution
		Debug|Any CPU = Debug|Any CPU
		Release|Any CPU = Release|Any CPU
	EndGlobalSection
	GlobalSection(ProjectConfigurationPlatforms) = postSolution
		{1C028E18-AFB0-0F0C-1021-2BB9C3656AAF}.Debug|Any CPU.ActiveCfg = Debug|Any CPU
		{1C028E18-AFB0-0F0C-1021-2BB9C3656AAF}.Debug|Any CPU.Build.0 = Debug|Any CPU
		{1C028E18-AFB0-0F0C-1021-2BB9C3656AAF}.Release|Any CPU.ActiveCfg = Release|Any CPU
		{1C028E18-AFB0-0F0C-1021-2BB9C3656AAF}.Release|Any CPU.Build.0 = Release|Any CPU
		{7F6BA64D-CC0A-8412-5918-F4F1082A7DEF}.Debug|Any CPU.ActiveCfg = Debug|Any CPU
		{7F6BA64D-CC0A-8412-5918-F4F1082A7DEF}.Debug|Any CPU.Build.0 = Debug|Any CPU
		{7F6BA64D-CC0A-8412-5918-F4F1082A7DEF}.Release|Any CPU.ActiveCfg = Release|Any CPU
		{7F6BA64D-CC0A-8412-5918-F4F1082A7DEF}.Release|Any CPU.Build.0 = Release|Any CPU
	EndGlobalSection
	GlobalSection(SolutionProperties) = preSolution
		HideSolutionNode = FALSE
	EndGlobalSection
EndGlobal
